
Microsoft Visual Studio Solution File, Format Version 12.00
Project("{FAE04EC0-301F-11D3-BF4B-00C04F79EFBC}") = "Day1", "2022\Day1\Day1.csproj", "{B25CAC8F-A76D-4EE0-B53A-F849E4DD8B01}"
EndProject
Global
	GlobalSection(SolutionConfigurationPlatforms) = preSolution
		Debug|Any CPU = Debug|Any CPU
		Release|Any CPU = Release|Any CPU
	EndGlobalSection
	GlobalSection(ProjectConfigurationPlatforms) = postSolution
		{B25CAC8F-A76D-4EE0-B53A-F849E4DD8B01}.Debug|Any CPU.ActiveCfg = Debug|Any CPU
		{B25CAC8F-A76D-4EE0-B53A-F849E4DD8B01}.Debug|Any CPU.Build.0 = Debug|Any CPU
		{B25CAC8F-A76D-4EE0-B53A-F849E4DD8B01}.Release|Any CPU.ActiveCfg = Release|Any CPU
		{B25CAC8F-A76D-4EE0-B53A-F849E4DD8B01}.Release|Any CPU.Build.0 = Release|Any CPU
	EndGlobalSection
EndGlobal
