
Microsoft Visual Studio Solution File, Format Version 12.00
Project("{FAE04EC0-301F-11D3-BF4B-00C04F79EFBC}") = "Day1", "2022\Day1\Day1.csproj", "{B25CAC8F-A76D-4EE0-B53A-F849E4DD8B01}"
EndProject
Project("{FAE04EC0-301F-11D3-BF4B-00C04F79EFBC}") = "Day2", "2022\Day2\Day2.csproj", "{086732F1-A115-4B11-ADE5-4A4A4E0DC2E7}"
EndProject
Project("{FAE04EC0-301F-11D3-BF4B-00C04F79EFBC}") = "Day3", "2022\Day3\Day3.csproj", "{9DC50373-3C46-498A-883A-44035B4E85B8}"
EndProject
Project("{FAE04EC0-301F-11D3-BF4B-00C04F79EFBC}") = "Day4", "2022\Day4\Day4.csproj", "{4205B85A-4BC5-4697-B9E8-5C2EBADE4DFE}"
EndProject
Project("{FAE04EC0-301F-11D3-BF4B-00C04F79EFBC}") = "Day5", "2022\Day5\Day5.csproj", "{AB04436E-3885-45BC-A03A-392E3D3835CC}"
EndProject
Project("{FAE04EC0-301F-11D3-BF4B-00C04F79EFBC}") = "Day6", "2022\Day6\Day6\Day6.csproj", "{C91C8D8C-E4D3-4341-ADAA-A9002AFDB21B}"
EndProject
Global
	GlobalSection(SolutionConfigurationPlatforms) = preSolution
		Debug|Any CPU = Debug|Any CPU
		Release|Any CPU = Release|Any CPU
	EndGlobalSection
	GlobalSection(ProjectConfigurationPlatforms) = postSolution
		{B25CAC8F-A76D-4EE0-B53A-F849E4DD8B01}.Debug|Any CPU.ActiveCfg = Debug|Any CPU
		{B25CAC8F-A76D-4EE0-B53A-F849E4DD8B01}.Debug|Any CPU.Build.0 = Debug|Any CPU
		{B25CAC8F-A76D-4EE0-B53A-F849E4DD8B01}.Release|Any CPU.ActiveCfg = Release|Any CPU
		{B25CAC8F-A76D-4EE0-B53A-F849E4DD8B01}.Release|Any CPU.Build.0 = Release|Any CPU
		{086732F1-A115-4B11-ADE5-4A4A4E0DC2E7}.Debug|Any CPU.ActiveCfg = Debug|Any CPU
		{086732F1-A115-4B11-ADE5-4A4A4E0DC2E7}.Debug|Any CPU.Build.0 = Debug|Any CPU
		{086732F1-A115-4B11-ADE5-4A4A4E0DC2E7}.Release|Any CPU.ActiveCfg = Release|Any CPU
		{086732F1-A115-4B11-ADE5-4A4A4E0DC2E7}.Release|Any CPU.Build.0 = Release|Any CPU
		{9DC50373-3C46-498A-883A-44035B4E85B8}.Debug|Any CPU.ActiveCfg = Debug|Any CPU
		{9DC50373-3C46-498A-883A-44035B4E85B8}.Debug|Any CPU.Build.0 = Debug|Any CPU
		{9DC50373-3C46-498A-883A-44035B4E85B8}.Release|Any CPU.ActiveCfg = Release|Any CPU
		{9DC50373-3C46-498A-883A-44035B4E85B8}.Release|Any CPU.Build.0 = Release|Any CPU
		{4205B85A-4BC5-4697-B9E8-5C2EBADE4DFE}.Debug|Any CPU.ActiveCfg = Debug|Any CPU
		{4205B85A-4BC5-4697-B9E8-5C2EBADE4DFE}.Debug|Any CPU.Build.0 = Debug|Any CPU
		{4205B85A-4BC5-4697-B9E8-5C2EBADE4DFE}.Release|Any CPU.ActiveCfg = Release|Any CPU
		{4205B85A-4BC5-4697-B9E8-5C2EBADE4DFE}.Release|Any CPU.Build.0 = Release|Any CPU
		{AB04436E-3885-45BC-A03A-392E3D3835CC}.Debug|Any CPU.ActiveCfg = Debug|Any CPU
		{AB04436E-3885-45BC-A03A-392E3D3835CC}.Debug|Any CPU.Build.0 = Debug|Any CPU
		{AB04436E-3885-45BC-A03A-392E3D3835CC}.Release|Any CPU.ActiveCfg = Release|Any CPU
		{AB04436E-3885-45BC-A03A-392E3D3835CC}.Release|Any CPU.Build.0 = Release|Any CPU
		{C91C8D8C-E4D3-4341-ADAA-A9002AFDB21B}.Debug|Any CPU.ActiveCfg = Debug|Any CPU
		{C91C8D8C-E4D3-4341-ADAA-A9002AFDB21B}.Debug|Any CPU.Build.0 = Debug|Any CPU
		{C91C8D8C-E4D3-4341-ADAA-A9002AFDB21B}.Release|Any CPU.ActiveCfg = Release|Any CPU
		{C91C8D8C-E4D3-4341-ADAA-A9002AFDB21B}.Release|Any CPU.Build.0 = Release|Any CPU
	EndGlobalSection
EndGlobal
